
Microsoft Visual Studio Solution File, Format Version 12.00
# Visual Studio 14
VisualStudioVersion = 14.0.25123.0
MinimumVisualStudioVersion = 10.0.40219.1
Project("{FAE04EC0-301F-11D3-BF4B-00C04F79EFBC}") = "centuriestominutes.01", "centuriestominutes.01\centuriestominutes.01.csproj", "{C7E2E392-D641-48D9-BB09-88B23D0FB65F}"
EndProject
Project("{FAE04EC0-301F-11D3-BF4B-00C04F79EFBC}") = "circle.02", "circle.02\circle.02.csproj", "{95150CB6-DFDD-4B5C-B8FF-7C5A2B0D8164}"
EndProject
Project("{FAE04EC0-301F-11D3-BF4B-00C04F79EFBC}") = "specialnumbers.05", "specialnumbers.05\specialnumbers.05.csproj", "{926C635E-D858-4C60-8154-32CE4D5D6EB2}"
EndProject
Project("{FAE04EC0-301F-11D3-BF4B-00C04F79EFBC}") = "TriplesofLetters.06", "TriplesofLetters.06\TriplesofLetters.06.csproj", "{57AB2C7F-D678-48AF-AE9A-5E11974A98BE}"
EndProject
Project("{FAE04EC0-301F-11D3-BF4B-00C04F79EFBC}") = "Greetings.07", "Greetings.07\Greetings.07.csproj", "{A8E6CE4B-434E-4250-AD51-676B8EBE2C4D}"
EndProject
Global
	GlobalSection(SolutionConfigurationPlatforms) = preSolution
		Debug|Any CPU = Debug|Any CPU
		Release|Any CPU = Release|Any CPU
	EndGlobalSection
	GlobalSection(ProjectConfigurationPlatforms) = postSolution
		{C7E2E392-D641-48D9-BB09-88B23D0FB65F}.Debug|Any CPU.ActiveCfg = Debug|Any CPU
		{C7E2E392-D641-48D9-BB09-88B23D0FB65F}.Debug|Any CPU.Build.0 = Debug|Any CPU
		{C7E2E392-D641-48D9-BB09-88B23D0FB65F}.Release|Any CPU.ActiveCfg = Release|Any CPU
		{C7E2E392-D641-48D9-BB09-88B23D0FB65F}.Release|Any CPU.Build.0 = Release|Any CPU
		{95150CB6-DFDD-4B5C-B8FF-7C5A2B0D8164}.Debug|Any CPU.ActiveCfg = Debug|Any CPU
		{95150CB6-DFDD-4B5C-B8FF-7C5A2B0D8164}.Debug|Any CPU.Build.0 = Debug|Any CPU
		{95150CB6-DFDD-4B5C-B8FF-7C5A2B0D8164}.Release|Any CPU.ActiveCfg = Release|Any CPU
		{95150CB6-DFDD-4B5C-B8FF-7C5A2B0D8164}.Release|Any CPU.Build.0 = Release|Any CPU
		{926C635E-D858-4C60-8154-32CE4D5D6EB2}.Debug|Any CPU.ActiveCfg = Debug|Any CPU
		{926C635E-D858-4C60-8154-32CE4D5D6EB2}.Debug|Any CPU.Build.0 = Debug|Any CPU
		{926C635E-D858-4C60-8154-32CE4D5D6EB2}.Release|Any CPU.ActiveCfg = Release|Any CPU
		{926C635E-D858-4C60-8154-32CE4D5D6EB2}.Release|Any CPU.Build.0 = Release|Any CPU
		{57AB2C7F-D678-48AF-AE9A-5E11974A98BE}.Debug|Any CPU.ActiveCfg = Debug|Any CPU
		{57AB2C7F-D678-48AF-AE9A-5E11974A98BE}.Debug|Any CPU.Build.0 = Debug|Any CPU
		{57AB2C7F-D678-48AF-AE9A-5E11974A98BE}.Release|Any CPU.ActiveCfg = Release|Any CPU
		{57AB2C7F-D678-48AF-AE9A-5E11974A98BE}.Release|Any CPU.Build.0 = Release|Any CPU
		{A8E6CE4B-434E-4250-AD51-676B8EBE2C4D}.Debug|Any CPU.ActiveCfg = Debug|Any CPU
		{A8E6CE4B-434E-4250-AD51-676B8EBE2C4D}.Debug|Any CPU.Build.0 = Debug|Any CPU
		{A8E6CE4B-434E-4250-AD51-676B8EBE2C4D}.Release|Any CPU.ActiveCfg = Release|Any CPU
		{A8E6CE4B-434E-4250-AD51-676B8EBE2C4D}.Release|Any CPU.Build.0 = Release|Any CPU
	EndGlobalSection
	GlobalSection(SolutionProperties) = preSolution
		HideSolutionNode = FALSE
	EndGlobalSection
EndGlobal
